
Microsoft Visual Studio Solution File, Format Version 12.00
# Visual Studio Version 16
VisualStudioVersion = 16.0.31729.503
MinimumVisualStudioVersion = 10.0.40219.1
Project("{FAE04EC0-301F-11D3-BF4B-00C04F79EFBC}") = "WindowsFormsApp1", "WindowsFormsApp1\WindowsFormsApp1.csproj", "{5D0EB539-A54E-40CC-BFA5-CADE06AFBF2A}"
EndProject
Global
	GlobalSection(SolutionConfigurationPlatforms) = preSolution
		Debug|Any CPU = Debug|Any CPU
		Release|Any CPU = Release|Any CPU
	EndGlobalSection
	GlobalSection(ProjectConfigurationPlatforms) = postSolution
		{5D0EB539-A54E-40CC-BFA5-CADE06AFBF2A}.Debug|Any CPU.ActiveCfg = Debug|Any CPU
		{5D0EB539-A54E-40CC-BFA5-CADE06AFBF2A}.Debug|Any CPU.Build.0 = Debug|Any CPU
		{5D0EB539-A54E-40CC-BFA5-CADE06AFBF2A}.Release|Any CPU.ActiveCfg = Release|Any CPU
		{5D0EB539-A54E-40CC-BFA5-CADE06AFBF2A}.Release|Any CPU.Build.0 = Release|Any CPU
	EndGlobalSection
	GlobalSection(SolutionProperties) = preSolution
		HideSolutionNode = FALSE
	EndGlobalSection
	GlobalSection(ExtensibilityGlobals) = postSolution
		SolutionGuid = {253EF882-81E4-40EC-BD6D-D877B696D8CD}
	EndGlobalSection
EndGlobal
